
Microsoft Visual Studio Solution File, Format Version 12.00
# Visual Studio Version 17
VisualStudioVersion = 17.4.33122.133
MinimumVisualStudioVersion = 10.0.40219.1
Project("{9A19103F-16F7-4668-BE54-9A1E7A4F7556}") = "AnimalCardAPI", "AnimalCardAPI\AnimalCardAPI.csproj", "{B9B7E8E4-5882-4D34-AC4A-ED9C27963F62}"
EndProject
Project("{9A19103F-16F7-4668-BE54-9A1E7A4F7556}") = "AnimalCard.Application", "AnimalCard.Application\AnimalCard.Application.csproj", "{45FF1B22-6E2E-4290-B1A3-E58BF8EB0CB8}"
EndProject
Project("{9A19103F-16F7-4668-BE54-9A1E7A4F7556}") = "AnimalCard.Infrastructure", "AnimalCard.Infrastructure\AnimalCard.Infrastructure.csproj", "{EC266617-F0F0-40A4-BCED-84B59FCDDCF2}"
EndProject
Project("{9A19103F-16F7-4668-BE54-9A1E7A4F7556}") = "AnimalCard.Decryption", "AnimalCard.Decryption\AnimalCard.Decryption.csproj", "{91265945-E243-42D1-95CC-EB3E028E2D4D}"
EndProject
Global
	GlobalSection(SolutionConfigurationPlatforms) = preSolution
		Debug|Any CPU = Debug|Any CPU
		Release|Any CPU = Release|Any CPU
	EndGlobalSection
	GlobalSection(ProjectConfigurationPlatforms) = postSolution
		{B9B7E8E4-5882-4D34-AC4A-ED9C27963F62}.Debug|Any CPU.ActiveCfg = Debug|Any CPU
		{B9B7E8E4-5882-4D34-AC4A-ED9C27963F62}.Debug|Any CPU.Build.0 = Debug|Any CPU
		{B9B7E8E4-5882-4D34-AC4A-ED9C27963F62}.Release|Any CPU.ActiveCfg = Release|Any CPU
		{B9B7E8E4-5882-4D34-AC4A-ED9C27963F62}.Release|Any CPU.Build.0 = Release|Any CPU
		{45FF1B22-6E2E-4290-B1A3-E58BF8EB0CB8}.Debug|Any CPU.ActiveCfg = Debug|Any CPU
		{45FF1B22-6E2E-4290-B1A3-E58BF8EB0CB8}.Debug|Any CPU.Build.0 = Debug|Any CPU
		{45FF1B22-6E2E-4290-B1A3-E58BF8EB0CB8}.Release|Any CPU.ActiveCfg = Release|Any CPU
		{45FF1B22-6E2E-4290-B1A3-E58BF8EB0CB8}.Release|Any CPU.Build.0 = Release|Any CPU
		{EC266617-F0F0-40A4-BCED-84B59FCDDCF2}.Debug|Any CPU.ActiveCfg = Debug|Any CPU
		{EC266617-F0F0-40A4-BCED-84B59FCDDCF2}.Debug|Any CPU.Build.0 = Debug|Any CPU
		{EC266617-F0F0-40A4-BCED-84B59FCDDCF2}.Release|Any CPU.ActiveCfg = Release|Any CPU
		{EC266617-F0F0-40A4-BCED-84B59FCDDCF2}.Release|Any CPU.Build.0 = Release|Any CPU
		{91265945-E243-42D1-95CC-EB3E028E2D4D}.Debug|Any CPU.ActiveCfg = Debug|Any CPU
		{91265945-E243-42D1-95CC-EB3E028E2D4D}.Debug|Any CPU.Build.0 = Debug|Any CPU
		{91265945-E243-42D1-95CC-EB3E028E2D4D}.Release|Any CPU.ActiveCfg = Release|Any CPU
		{91265945-E243-42D1-95CC-EB3E028E2D4D}.Release|Any CPU.Build.0 = Release|Any CPU
	EndGlobalSection
	GlobalSection(SolutionProperties) = preSolution
		HideSolutionNode = FALSE
	EndGlobalSection
	GlobalSection(ExtensibilityGlobals) = postSolution
		SolutionGuid = {23D05D3A-3955-4ACA-9F1E-09C43902D684}
	EndGlobalSection
EndGlobal
